{
  "name": "lib",
  "lockfileVersion": 2,
  "requires": true,
  "packages": {
    "": {
      "dependencies": {
        "@dimakorotkov/tinymce-mathjax": "^1.0.11"
      }
    },
    "node_modules/@dimakorotkov/tinymce-mathjax": {
      "version": "1.0.11",
      "resolved": "https://registry.npmjs.org/@dimakorotkov/tinymce-mathjax/-/tinymce-mathjax-1.0.11.tgz",
      "integrity": "sha512-yyUWUqsgcAt8XOzhNJyd9sGier2XpgnPWZCN0nHAmbg1o2J+2/DVQ4E040FKB2ZSASE+bG5LouK9byVFK7Qbgg=="
    }
  },
  "dependencies": {
    "@dimakorotkov/tinymce-mathjax": {
      "version": "1.0.11",
      "resolved": "https://registry.npmjs.org/@dimakorotkov/tinymce-mathjax/-/tinymce-mathjax-1.0.11.tgz",
      "integrity": "sha512-yyUWUqsgcAt8XOzhNJyd9sGier2XpgnPWZCN0nHAmbg1o2J+2/DVQ4E040FKB2ZSASE+bG5LouK9byVFK7Qbgg=="
    }
  }
}
